
Microsoft Visual Studio Solution File, Format Version 12.00
# Visual Studio Version 17
VisualStudioVersion = 17.14.36310.24 d17.14
MinimumVisualStudioVersion = 10.0.40219.1
Project("{FAE04EC0-301F-11D3-BF4B-00C04F79EFBC}") = "PracticaProgramada4", "PracticaProgramada4\PracticaProgramada4.csproj", "{0BBCCA51-621A-4096-B57A-97EFD1D972DC}"
EndProject
Global
	GlobalSection(SolutionConfigurationPlatforms) = preSolution
		Debug|Any CPU = Debug|Any CPU
		Release|Any CPU = Release|Any CPU
	EndGlobalSection
	GlobalSection(ProjectConfigurationPlatforms) = postSolution
		{0BBCCA51-621A-4096-B57A-97EFD1D972DC}.Debug|Any CPU.ActiveCfg = Debug|Any CPU
		{0BBCCA51-621A-4096-B57A-97EFD1D972DC}.Debug|Any CPU.Build.0 = Debug|Any CPU
		{0BBCCA51-621A-4096-B57A-97EFD1D972DC}.Release|Any CPU.ActiveCfg = Release|Any CPU
		{0BBCCA51-621A-4096-B57A-97EFD1D972DC}.Release|Any CPU.Build.0 = Release|Any CPU
	EndGlobalSection
	GlobalSection(SolutionProperties) = preSolution
		HideSolutionNode = FALSE
	EndGlobalSection
	GlobalSection(ExtensibilityGlobals) = postSolution
		SolutionGuid = {9E298144-480A-4721-B185-07563495A37A}
	EndGlobalSection
EndGlobal
